// !$*UTF8*$!
{
	archiveVersion = 1;
	classes = {
	};
	objectVersion = 50;
	objects = {

/* Begin PBXBuildFile section */
		55484FAD21B95A69006B21E0 /* AppDelegate.swift in Sources */ = {isa = PBXBuildFile; fileRef = 55484FAC21B95A69006B21E0 /* AppDelegate.swift */; };
		55484FAF21B95A69006B21E0 /* ViewController.swift in Sources */ = {isa = PBXBuildFile; fileRef = 55484FAE21B95A69006B21E0 /* ViewController.swift */; };
		55484FB221B95A69006B21E0 /* Main.storyboard in Resources */ = {isa = PBXBuildFile; fileRef = 55484FB021B95A69006B21E0 /* Main.storyboard */; };
		55484FB521B95A69006B21E0 /* DemoApp.xcdatamodeld in Sources */ = {isa = PBXBuildFile; fileRef = 55484FB321B95A69006B21E0 /* DemoApp.xcdatamodeld */; };
		55484FB721B95A6A006B21E0 /* Assets.xcassets in Resources */ = {isa = PBXBuildFile; fileRef = 55484FB621B95A6A006B21E0 /* Assets.xcassets */; };
		55484FBA21B95A6A006B21E0 /* LaunchScreen.storyboard in Resources */ = {isa = PBXBuildFile; fileRef = 55484FB821B95A6A006B21E0 /* LaunchScreen.storyboard */; };
		55484FC521B95A6A006B21E0 /* DemoAppTests.swift in Sources */ = {isa = PBXBuildFile; fileRef = 55484FC421B95A6A006B21E0 /* DemoAppTests.swift */; };
		55484FD021B95A6A006B21E0 /* DemoAppUITests.swift in Sources */ = {isa = PBXBuildFile; fileRef = 55484FCF21B95A6A006B21E0 /* DemoAppUITests.swift */; };
/* End PBXBuildFile section */

/* Begin PBXContainerItemProxy section */
		55484FC121B95A6A006B21E0 /* PBXContainerItemProxy */ = {
			isa = PBXContainerItemProxy;
			containerPortal = 55484FA121B95A68006B21E0 /* Project object */;
			proxyType = 1;
			remoteGlobalIDString = 55484FA821B95A69006B21E0;
			remoteInfo = DemoApp;
		};
		55484FCC21B95A6A006B21E0 /* PBXContainerItemProxy */ = {
			isa = PBXContainerItemProxy;
			containerPortal = 55484FA121B95A68006B21E0 /* Project object */;
			proxyType = 1;
			remoteGlobalIDString = 55484FA821B95A69006B21E0;
			remoteInfo = DemoApp;
		};
/* End PBXContainerItemProxy section */

/* Begin PBXFileReference section */
		55484FA921B95A69006B21E0 /* DemoApp.app */ = {isa = PBXFileReference; explicitFileType = wrapper.application; includeInIndex = 0; path = DemoApp.app; sourceTree = BUILT_PRODUCTS_DIR; };
		55484FAC21B95A69006B21E0 /* AppDelegate.swift */ = {isa = PBXFileReference; lastKnownFileType = sourcecode.swift; path = AppDelegate.swift; sourceTree = "<group>"; };
		55484FAE21B95A69006B21E0 /* ViewController.swift */ = {isa = PBXFileReference; lastKnownFileType = sourcecode.swift; path = ViewController.swift; sourceTree = "<group>"; };
		55484FB121B95A69006B21E0 /* Base */ = {isa = PBXFileReference; lastKnownFileType = file.storyboard; name = Base; path = Base.lproj/Main.storyboard; sourceTree = "<group>"; };
		55484FB421B95A69006B21E0 /* DemoApp.xcdatamodel */ = {isa = PBXFileReference; lastKnownFileType = wrapper.xcdatamodel; path = DemoApp.xcdatamodel; sourceTree = "<group>"; };
		55484FB621B95A6A006B21E0 /* Assets.xcassets */ = {isa = PBXFileReference; lastKnownFileType = folder.assetcatalog; path = Assets.xcassets; sourceTree = "<group>"; };
		55484FB921B95A6A006B21E0 /* Base */ = {isa = PBXFileReference; lastKnownFileType = file.storyboard; name = Base; path = Base.lproj/LaunchScreen.storyboard; sourceTree = "<group>"; };
		55484FBB21B95A6A006B21E0 /* Info.plist */ = {isa = PBXFileReference; lastKnownFileType = text.plist.xml; path = Info.plist; sourceTree = "<group>"; };
		55484FC021B95A6A006B21E0 /* DemoAppTests.xctest */ = {isa = PBXFileReference; explicitFileType = wrapper.cfbundle; includeInIndex = 0; path = DemoAppTests.xctest; sourceTree = BUILT_PRODUCTS_DIR; };
		55484FC421B95A6A006B21E0 /* DemoAppTests.swift */ = {isa = PBXFileReference; lastKnownFileType = sourcecode.swift; path = DemoAppTests.swift; sourceTree = "<group>"; };
		55484FC621B95A6A006B21E0 /* Info.plist */ = {isa = PBXFileReference; lastKnownFileType = text.plist.xml; path = Info.plist; sourceTree = "<group>"; };
		55484FCB21B95A6A006B21E0 /* DemoAppUITests.xctest */ = {isa = PBXFileReference; explicitFileType = wrapper.cfbundle; includeInIndex = 0; path = DemoAppUITests.xctest; sourceTree = BUILT_PRODUCTS_DIR; };
		55484FCF21B95A6A006B21E0 /* DemoAppUITests.swift */ = {isa = PBXFileReference; lastKnownFileType = sourcecode.swift; path = DemoAppUITests.swift; sourceTree = "<group>"; };
		55484FD121B95A6A006B21E0 /* Info.plist */ = {isa = PBXFileReference; lastKnownFileType = text.plist.xml; path = Info.plist; sourceTree = "<group>"; };
/* End PBXFileReference section */

/* Begin PBXFrameworksBuildPhase section */
		55484FA621B95A69006B21E0 /* Frameworks */ = {
			isa = PBXFrameworksBuildPhase;
			buildActionMask = 2147483647;
			files = (
			);
			runOnlyForDeploymentPostprocessing = 0;
		};
		55484FBD21B95A6A006B21E0 /* Frameworks */ = {
			isa = PBXFrameworksBuildPhase;
			buildActionMask = 2147483647;
			files = (
			);
			runOnlyForDeploymentPostprocessing = 0;
		};
		55484FC821B95A6A006B21E0 /* Frameworks */ = {
			isa = PBXFrameworksBuildPhase;
			buildActionMask = 2147483647;
			files = (
			);
			runOnlyForDeploymentPostprocessing = 0;
		};
/* End PBXFrameworksBuildPhase section */

/* Begin PBXGroup section */
		55484FA021B95A68006B21E0 = {
			isa = PBXGroup;
			children = (
				55484FAB21B95A69006B21E0 /* DemoApp */,
				55484FC321B95A6A006B21E0 /* DemoAppTests */,
				55484FCE21B95A6A006B21E0 /* DemoAppUITests */,
				55484FAA21B95A69006B21E0 /* Products */,
			);
			sourceTree = "<group>";
		};
		55484FAA21B95A69006B21E0 /* Products */ = {
			isa = PBXGroup;
			children = (
				55484FA921B95A69006B21E0 /* DemoApp.app */,
				55484FC021B95A6A006B21E0 /* DemoAppTests.xctest */,
				55484FCB21B95A6A006B21E0 /* DemoAppUITests.xctest */,
			);
			name = Products;
			sourceTree = "<group>";
		};
		55484FAB21B95A69006B21E0 /* DemoApp */ = {
			isa = PBXGroup;
			children = (
				55484FAC21B95A69006B21E0 /* AppDelegate.swift */,
				55484FAE21B95A69006B21E0 /* ViewController.swift */,
				55484FB021B95A69006B21E0 /* Main.storyboard */,
				55484FB621B95A6A006B21E0 /* Assets.xcassets */,
				55484FB821B95A6A006B21E0 /* LaunchScreen.storyboard */,
				55484FBB21B95A6A006B21E0 /* Info.plist */,
				55484FB321B95A69006B21E0 /* DemoApp.xcdatamodeld */,
			);
			path = DemoApp;
			sourceTree = "<group>";
		};
		55484FC321B95A6A006B21E0 /* DemoAppTests */ = {
			isa = PBXGroup;
			children = (
				55484FC421B95A6A006B21E0 /* DemoAppTests.swift */,
				55484FC621B95A6A006B21E0 /* Info.plist */,
			);
			path = DemoAppTests;
			sourceTree = "<group>";
		};
		55484FCE21B95A6A006B21E0 /* DemoAppUITests */ = {
			isa = PBXGroup;
			children = (
				55484FCF21B95A6A006B21E0 /* DemoAppUITests.swift */,
				55484FD121B95A6A006B21E0 /* Info.plist */,
			);
			path = DemoAppUITests;
			sourceTree = "<group>";
		};
/* End PBXGroup section */

/* Begin PBXNativeTarget section */
		55484FA821B95A69006B21E0 /* DemoApp */ = {
			isa = PBXNativeTarget;
			buildConfigurationList = 55484FD421B95A6A006B21E0 /* Build configuration list for PBXNativeTarget "DemoApp" */;
			buildPhases = (
				55484FA521B95A69006B21E0 /* Sources */,
				55484FA621B95A69006B21E0 /* Frameworks */,
				55484FA721B95A69006B21E0 /* Resources */,
			);
			buildRules = (
			);
			dependencies = (
			);
			name = DemoApp;
			productName = DemoApp;
			productReference = 55484FA921B95A69006B21E0 /* DemoApp.app */;
			productType = "com.apple.product-type.application";
		};
		55484FBF21B95A6A006B21E0 /* DemoAppTests */ = {
			isa = PBXNativeTarget;
			buildConfigurationList = 55484FD721B95A6A006B21E0 /* Build configuration list for PBXNativeTarget "DemoAppTests" */;
			buildPhases = (
				55484FBC21B95A6A006B21E0 /* Sources */,
				55484FBD21B95A6A006B21E0 /* Frameworks */,
				55484FBE21B95A6A006B21E0 /* Resources */,
			);
			buildRules = (
			);
			dependencies = (
				55484FC221B95A6A006B21E0 /* PBXTargetDependency */,
			);
			name = DemoAppTests;
			productName = DemoAppTests;
			productReference = 55484FC021B95A6A006B21E0 /* DemoAppTests.xctest */;
			productType = "com.apple.product-type.bundle.unit-test";
		};
		55484FCA21B95A6A006B21E0 /* DemoAppUITests */ = {
			isa = PBXNativeTarget;
			buildConfigurationList = 55484FDA21B95A6A006B21E0 /* Build configuration list for PBXNativeTarget "DemoAppUITests" */;
			buildPhases = (
				55484FC721B95A6A006B21E0 /* Sources */,
				55484FC821B95A6A006B21E0 /* Frameworks */,
				55484FC921B95A6A006B21E0 /* Resources */,
			);
			buildRules = (
			);
			dependencies = (
				55484FCD21B95A6A006B21E0 /* PBXTargetDependency */,
			);
			name = DemoAppUITests;
			productName = DemoAppUITests;
			productReference = 55484FCB21B95A6A006B21E0 /* DemoAppUITests.xctest */;
			productType = "com.apple.product-type.bundle.ui-testing";
		};
/* End PBXNativeTarget section */

/* Begin PBXProject section */
		55484FA121B95A68006B21E0 /* Project object */ = {
			isa = PBXProject;
			attributes = {
				LastSwiftUpdateCheck = 1010;
				LastUpgradeCheck = 1010;
				ORGANIZATIONNAME = "August Lilleaas";
				TargetAttributes = {
					55484FA821B95A69006B21E0 = {
						CreatedOnToolsVersion = 10.1;
					};
					55484FBF21B95A6A006B21E0 = {
						CreatedOnToolsVersion = 10.1;
						TestTargetID = 55484FA821B95A69006B21E0;
					};
					55484FCA21B95A6A006B21E0 = {
						CreatedOnToolsVersion = 10.1;
						TestTargetID = 55484FA821B95A69006B21E0;
					};
				};
			};
			buildConfigurationList = 55484FA421B95A68006B21E0 /* Build configuration list for PBXProject "DemoApp" */;
			compatibilityVersion = "Xcode 9.3";
			developmentRegion = en;
			hasScannedForEncodings = 0;
			knownRegions = (
				en,
				Base,
			);
			mainGroup = 55484FA021B95A68006B21E0;
			productRefGroup = 55484FAA21B95A69006B21E0 /* Products */;
			projectDirPath = "";
			projectRoot = "";
			targets = (
				55484FA821B95A69006B21E0 /* DemoApp */,
				55484FBF21B95A6A006B21E0 /* DemoAppTests */,
				55484FCA21B95A6A006B21E0 /* DemoAppUITests */,
			);
		};
/* End PBXProject section */

/* Begin PBXResourcesBuildPhase section */
		55484FA721B95A69006B21E0 /* Resources */ = {
			isa = PBXResourcesBuildPhase;
			buildActionMask = 2147483647;
			files = (
				55484FBA21B95A6A006B21E0 /* LaunchScreen.storyboard in Resources */,
				55484FB721B95A6A006B21E0 /* Assets.xcassets in Resources */,
				55484FB221B95A69006B21E0 /* Main.storyboard in Resources */,
			);
			runOnlyForDeploymentPostprocessing = 0;
		};
		55484FBE21B95A6A006B21E0 /* Resources */ = {
			isa = PBXResourcesBuildPhase;
			buildActionMask = 2147483647;
			files = (
			);
			runOnlyForDeploymentPostprocessing = 0;
		};
		55484FC921B95A6A006B21E0 /* Resources */ = {
			isa = PBXResourcesBuildPhase;
			buildActionMask = 2147483647;
			files = (
			);
			runOnlyForDeploymentPostprocessing = 0;
		};
/* End PBXResourcesBuildPhase section */

/* Begin PBXSourcesBuildPhase section */
		55484FA521B95A69006B21E0 /* Sources */ = {
			isa = PBXSourcesBuildPhase;
			buildActionMask = 2147483647;
			files = (
				55484FAF21B95A69006B21E0 /* ViewController.swift in Sources */,
				55484FB521B95A69006B21E0 /* DemoApp.xcdatamodeld in Sources */,
				55484FAD21B95A69006B21E0 /* AppDelegate.swift in Sources */,
			);
			runOnlyForDeploymentPostprocessing = 0;
		};
		55484FBC21B95A6A006B21E0 /* Sources */ = {
			isa = PBXSourcesBuildPhase;
			buildActionMask = 2147483647;
			files = (
				55484FC521B95A6A006B21E0 /* DemoAppTests.swift in Sources */,
			);
			runOnlyForDeploymentPostprocessing = 0;
		};
		55484FC721B95A6A006B21E0 /* Sources */ = {
			isa = PBXSourcesBuildPhase;
			buildActionMask = 2147483647;
			files = (
				55484FD021B95A6A006B21E0 /* DemoAppUITests.swift in Sources */,
			);
			runOnlyForDeploymentPostprocessing = 0;
		};
/* End PBXSourcesBuildPhase section */

/* Begin PBXTargetDependency section */
		55484FC221B95A6A006B21E0 /* PBXTargetDependency */ = {
			isa = PBXTargetDependency;
			target = 55484FA821B95A69006B21E0 /* DemoApp */;
			targetProxy = 55484FC121B95A6A006B21E0 /* PBXContainerItemProxy */;
		};
		55484FCD21B95A6A006B21E0 /* PBXTargetDependency */ = {
			isa = PBXTargetDependency;
			target = 55484FA821B95A69006B21E0 /* DemoApp */;
			targetProxy = 55484FCC21B95A6A006B21E0 /* PBXContainerItemProxy */;
		};
/* End PBXTargetDependency section */

/* Begin PBXVariantGroup section */
		55484FB021B95A69006B21E0 /* Main.storyboard */ = {
			isa = PBXVariantGroup;
			children = (
				55484FB121B95A69006B21E0 /* Base */,
			);
			name = Main.storyboard;
			sourceTree = "<group>";
		};
		55484FB821B95A6A006B21E0 /* LaunchScreen.storyboard */ = {
			isa = PBXVariantGroup;
			children = (
				55484FB921B95A6A006B21E0 /* Base */,
			);
			name = LaunchScreen.storyboard;
			sourceTree = "<group>";
		};
/* End PBXVariantGroup section */

/* Begin XCBuildConfiguration section */
		55484FD221B95A6A006B21E0 /* Debug */ = {
			isa = XCBuildConfiguration;
			buildSettings = {
				ALWAYS_SEARCH_USER_PATHS = NO;
				CLANG_ANALYZER_NONNULL = YES;
				CLANG_ANALYZER_NUMBER_OBJECT_CONVERSION = YES_AGGRESSIVE;
				CLANG_CXX_LANGUAGE_STANDARD = "gnu++14";
				CLANG_CXX_LIBRARY = "libc++";
				CLANG_ENABLE_MODULES = YES;
				CLANG_ENABLE_OBJC_ARC = YES;
				CLANG_ENABLE_OBJC_WEAK = YES;
				CLANG_WARN_BLOCK_CAPTURE_AUTORELEASING = YES;
				CLANG_WARN_BOOL_CONVERSION = YES;
				CLANG_WARN_COMMA = YES;
				CLANG_WARN_CONSTANT_CONVERSION = YES;
				CLANG_WARN_DEPRECATED_OBJC_IMPLEMENTATIONS = YES;
				CLANG_WARN_DIRECT_OBJC_ISA_USAGE = YES_ERROR;
				CLANG_WARN_DOCUMENTATION_COMMENTS = YES;
				CLANG_WARN_EMPTY_BODY = YES;
				CLANG_WARN_ENUM_CONVERSION = YES;
				CLANG_WARN_INFINITE_RECURSION = YES;
				CLANG_WARN_INT_CONVERSION = YES;
				CLANG_WARN_NON_LITERAL_NULL_CONVERSION = YES;
				CLANG_WARN_OBJC_IMPLICIT_RETAIN_SELF = YES;
				CLANG_WARN_OBJC_LITERAL_CONVERSION = YES;
				CLANG_WARN_OBJC_ROOT_CLASS = YES_ERROR;
				CLANG_WARN_RANGE_LOOP_ANALYSIS = YES;
				CLANG_WARN_STRICT_PROTOTYPES = YES;
				CLANG_WARN_SUSPICIOUS_MOVE = YES;
				CLANG_WARN_UNGUARDED_AVAILABILITY = YES_AGGRESSIVE;
				CLANG_WARN_UNREACHABLE_CODE = YES;
				CLANG_WARN__DUPLICATE_METHOD_MATCH = YES;
				CODE_SIGN_IDENTITY = "iPhone Developer";
				COPY_PHASE_STRIP = NO;
				DEBUG_INFORMATION_FORMAT = dwarf;
				ENABLE_STRICT_OBJC_MSGSEND = YES;
				ENABLE_TESTABILITY = YES;
				GCC_C_LANGUAGE_STANDARD = gnu11;
				GCC_DYNAMIC_NO_PIC = NO;
				GCC_NO_COMMON_BLOCKS = YES;
				GCC_OPTIMIZATION_LEVEL = 0;
				GCC_PREPROCESSOR_DEFINITIONS = (
					"DEBUG=1",
					"$(inherited)",
				);
				GCC_WARN_64_TO_32_BIT_CONVERSION = YES;
				GCC_WARN_ABOUT_RETURN_TYPE = YES_ERROR;
				GCC_WARN_UNDECLARED_SELECTOR = YES;
				GCC_WARN_UNINITIALIZED_AUTOS = YES_AGGRESSIVE;
				GCC_WARN_UNUSED_FUNCTION = YES;
				GCC_WARN_UNUSED_VARIABLE = YES;
				IPHONEOS_DEPLOYMENT_TARGET = 12.1;
				MTL_ENABLE_DEBUG_INFO = INCLUDE_SOURCE;
				MTL_FAST_MATH = YES;
				ONLY_ACTIVE_ARCH = YES;
				SDKROOT = iphoneos;
				SWIFT_ACTIVE_COMPILATION_CONDITIONS = DEBUG;
				SWIFT_OPTIMIZATION_LEVEL = "-Onone";
			};
			name = Debug;
		};
		55484FD321B95A6A006B21E0 /* Release */ = {
			isa = XCBuildConfiguration;
			buildSettings = {
				ALWAYS_SEARCH_USER_PATHS = NO;
				CLANG_ANALYZER_NONNULL = YES;
				CLANG_ANALYZER_NUMBER_OBJECT_CONVERSION = YES_AGGRESSIVE;
				CLANG_CXX_LANGUAGE_STANDARD = "gnu++14";
				CLANG_CXX_LIBRARY = "libc++";
				CLANG_ENABLE_MODULES = YES;
				CLANG_ENABLE_OBJC_ARC = YES;
				CLANG_ENABLE_OBJC_WEAK = YES;
				CLANG_WARN_BLOCK_CAPTURE_AUTORELEASING = YES;
				CLANG_WARN_BOOL_CONVERSION = YES;
				CLANG_WARN_COMMA = YES;
				CLANG_WARN_CONSTANT_CONVERSION = YES;
				CLANG_WARN_DEPRECATED_OBJC_IMPLEMENTATIONS = YES;
				CLANG_WARN_DIRECT_OBJC_ISA_USAGE = YES_ERROR;
				CLANG_WARN_DOCUMENTATION_COMMENTS = YES;
				CLANG_WARN_EMPTY_BODY = YES;
				CLANG_WARN_ENUM_CONVERSION = YES;
				CLANG_WARN_INFINITE_RECURSION = YES;
				CLANG_WARN_INT_CONVERSION = YES;
				CLANG_WARN_NON_LITERAL_NULL_CONVERSION = YES;
				CLANG_WARN_OBJC_IMPLICIT_RETAIN_SELF = YES;
				CLANG_WARN_OBJC_LITERAL_CONVERSION = YES;
				CLANG_WARN_OBJC_ROOT_CLASS = YES_ERROR;
				CLANG_WARN_RANGE_LOOP_ANALYSIS = YES;
				CLANG_WARN_STRICT_PROTOTYPES = YES;
				CLANG_WARN_SUSPICIOUS_MOVE = YES;
				CLANG_WARN_UNGUARDED_AVAILABILITY = YES_AGGRESSIVE;
				CLANG_WARN_UNREACHABLE_CODE = YES;
				CLANG_WARN__DUPLICATE_METHOD_MATCH = YES;
				CODE_SIGN_IDENTITY = "iPhone Developer";
				COPY_PHASE_STRIP = NO;
				DEBUG_INFORMATION_FORMAT = "dwarf-with-dsym";
				ENABLE_NS_ASSERTIONS = NO;
				ENABLE_STRICT_OBJC_MSGSEND = YES;
				GCC_C_LANGUAGE_STANDARD = gnu11;
				GCC_NO_COMMON_BLOCKS = YES;
				GCC_WARN_64_TO_32_BIT_CONVERSION = YES;
				GCC_WARN_ABOUT_RETURN_TYPE = YES_ERROR;
				GCC_WARN_UNDECLARED_SELECTOR = YES;
				GCC_WARN_UNINITIALIZED_AUTOS = YES_AGGRESSIVE;
				GCC_WARN_UNUSED_FUNCTION = YES;
				GCC_WARN_UNUSED_VARIABLE = YES;
				IPHONEOS_DEPLOYMENT_TARGET = 12.1;
				MTL_ENABLE_DEBUG_INFO = NO;
				MTL_FAST_MATH = YES;
				SDKROOT = iphoneos;
				SWIFT_COMPILATION_MODE = wholemodule;
				SWIFT_OPTIMIZATION_LEVEL = "-O";
				VALIDATE_PRODUCT = YES;
			};
			name = Release;
		};
		55484FD521B95A6A006B21E0 /* Debug */ = {
			isa = XCBuildConfiguration;
			buildSettings = {
				ASSETCATALOG_COMPILER_APPICON_NAME = AppIcon;
				CODE_SIGN_STYLE = Automatic;
				INFOPLIST_FILE = DemoApp/Info.plist;
				LD_RUNPATH_SEARCH_PATHS = (
					"$(inherited)",
					"@executable_path/Frameworks",
				);
				PRODUCT_BUNDLE_IDENTIFIER = com.augustl.DemoApp;
				PRODUCT_NAME = "$(TARGET_NAME)";
				SWIFT_VERSION = 4.2;
				TARGETED_DEVICE_FAMILY = "1,2";
			};
			name = Debug;
		};
		55484FD621B95A6A006B21E0 /* Release */ = {
			isa = XCBuildConfiguration;
			buildSettings = {
				ASSETCATALOG_COMPILER_APPICON_NAME = AppIcon;
				CODE_SIGN_STYLE = Automatic;
				INFOPLIST_FILE = DemoApp/Info.plist;
				LD_RUNPATH_SEARCH_PATHS = (
					"$(inherited)",
					"@executable_path/Frameworks",
				);
				PRODUCT_BUNDLE_IDENTIFIER = com.augustl.DemoApp;
				PRODUCT_NAME = "$(TARGET_NAME)";
				SWIFT_VERSION = 4.2;
				TARGETED_DEVICE_FAMILY = "1,2";
			};
			name = Release;
		};
		55484FD821B95A6A006B21E0 /* Debug */ = {
			isa = XCBuildConfiguration;
			buildSettings = {
				ALWAYS_EMBED_SWIFT_STANDARD_LIBRARIES = YES;
				BUNDLE_LOADER = "$(TEST_HOST)";
				CODE_SIGN_STYLE = Automatic;
				INFOPLIST_FILE = DemoAppTests/Info.plist;
				LD_RUNPATH_SEARCH_PATHS = (
					"$(inherited)",
					"@executable_path/Frameworks",
					"@loader_path/Frameworks",
				);
				PRODUCT_BUNDLE_IDENTIFIER = com.augustl.DemoAppTests;
				PRODUCT_NAME = "$(TARGET_NAME)";
				SWIFT_VERSION = 4.2;
				TARGETED_DEVICE_FAMILY = "1,2";
				TEST_HOST = "$(BUILT_PRODUCTS_DIR)/DemoApp.app/DemoApp";
			};
			name = Debug;
		};
		55484FD921B95A6A006B21E0 /* Release */ = {
			isa = XCBuildConfiguration;
			buildSettings = {
				ALWAYS_EMBED_SWIFT_STANDARD_LIBRARIES = YES;
				BUNDLE_LOADER = "$(TEST_HOST)";
				CODE_SIGN_STYLE = Automatic;
				INFOPLIST_FILE = DemoAppTests/Info.plist;
				LD_RUNPATH_SEARCH_PATHS = (
					"$(inherited)",
					"@executable_path/Frameworks",
					"@loader_path/Frameworks",
				);
				PRODUCT_BUNDLE_IDENTIFIER = com.augustl.DemoAppTests;
				PRODUCT_NAME = "$(TARGET_NAME)";
				SWIFT_VERSION = 4.2;
				TARGETED_DEVICE_FAMILY = "1,2";
				TEST_HOST = "$(BUILT_PRODUCTS_DIR)/DemoApp.app/DemoApp";
			};
			name = Release;
		};
		55484FDB21B95A6A006B21E0 /* Debug */ = {
			isa = XCBuildConfiguration;
			buildSettings = {
				ALWAYS_EMBED_SWIFT_STANDARD_LIBRARIES = YES;
				CODE_SIGN_STYLE = Automatic;
				INFOPLIST_FILE = DemoAppUITests/Info.plist;
				LD_RUNPATH_SEARCH_PATHS = (
					"$(inherited)",
					"@executable_path/Frameworks",
					"@loader_path/Frameworks",
				);
				PRODUCT_BUNDLE_IDENTIFIER = com.augustl.DemoAppUITests;
				PRODUCT_NAME = "$(TARGET_NAME)";
				SWIFT_VERSION = 4.2;
				TARGETED_DEVICE_FAMILY = "1,2";
				TEST_TARGET_NAME = DemoApp;
			};
			name = Debug;
		};
		55484FDC21B95A6A006B21E0 /* Release */ = {
			isa = XCBuildConfiguration;
			buildSettings = {
				ALWAYS_EMBED_SWIFT_STANDARD_LIBRARIES = YES;
				CODE_SIGN_STYLE = Automatic;
				INFOPLIST_FILE = DemoAppUITests/Info.plist;
				LD_RUNPATH_SEARCH_PATHS = (
					"$(inherited)",
					"@executable_path/Frameworks",
					"@loader_path/Frameworks",
				);
				PRODUCT_BUNDLE_IDENTIFIER = com.augustl.DemoAppUITests;
				PRODUCT_NAME = "$(TARGET_NAME)";
				SWIFT_VERSION = 4.2;
				TARGETED_DEVICE_FAMILY = "1,2";
				TEST_TARGET_NAME = DemoApp;
			};
			name = Release;
		};
/* End XCBuildConfiguration section */

/* Begin XCConfigurationList section */
		55484FA421B95A68006B21E0 /* Build configuration list for PBXProject "DemoApp" */ = {
			isa = XCConfigurationList;
			buildConfigurations = (
				55484FD221B95A6A006B21E0 /* Debug */,
				55484FD321B95A6A006B21E0 /* Release */,
			);
			defaultConfigurationIsVisible = 0;
			defaultConfigurationName = Release;
		};
		55484FD421B95A6A006B21E0 /* Build configuration list for PBXNativeTarget "DemoApp" */ = {
			isa = XCConfigurationList;
			buildConfigurations = (
				55484FD521B95A6A006B21E0 /* Debug */,
				55484FD621B95A6A006B21E0 /* Release */,
			);
			defaultConfigurationIsVisible = 0;
			defaultConfigurationName = Release;
		};
		55484FD721B95A6A006B21E0 /* Build configuration list for PBXNativeTarget "DemoAppTests" */ = {
			isa = XCConfigurationList;
			buildConfigurations = (
				55484FD821B95A6A006B21E0 /* Debug */,
				55484FD921B95A6A006B21E0 /* Release */,
			);
			defaultConfigurationIsVisible = 0;
			defaultConfigurationName = Release;
		};
		55484FDA21B95A6A006B21E0 /* Build configuration list for PBXNativeTarget "DemoAppUITests" */ = {
			isa = XCConfigurationList;
			buildConfigurations = (
				55484FDB21B95A6A006B21E0 /* Debug */,
				55484FDC21B95A6A006B21E0 /* Release */,
			);
			defaultConfigurationIsVisible = 0;
			defaultConfigurationName = Release;
		};
/* End XCConfigurationList section */

/* Begin XCVersionGroup section */
		55484FB321B95A69006B21E0 /* DemoApp.xcdatamodeld */ = {
			isa = XCVersionGroup;
			children = (
				55484FB421B95A69006B21E0 /* DemoApp.xcdatamodel */,
			);
			currentVersion = 55484FB421B95A69006B21E0 /* DemoApp.xcdatamodel */;
			path = DemoApp.xcdatamodeld;
			sourceTree = "<group>";
			versionGroupType = wrapper.xcdatamodel;
		};
/* End XCVersionGroup section */
	};
	rootObject = 55484FA121B95A68006B21E0 /* Project object */;
}
